
Microsoft Visual Studio Solution File, Format Version 12.00
# Visual Studio Version 17
VisualStudioVersion = 17.7.34031.279
MinimumVisualStudioVersion = 10.0.40219.1
Project("{FAE04EC0-301F-11D3-BF4B-00C04F79EFBC}") = "SortVisualizer", "SortVisualizer.csproj", "{D44E5406-AD88-4DBF-BA9B-613D5E6CF086}"
EndProject
Global
	GlobalSection(SolutionConfigurationPlatforms) = preSolution
		Debug|Any CPU = Debug|Any CPU
		Release|Any CPU = Release|Any CPU
	EndGlobalSection
	GlobalSection(ProjectConfigurationPlatforms) = postSolution
		{D44E5406-AD88-4DBF-BA9B-613D5E6CF086}.Debug|Any CPU.ActiveCfg = Debug|Any CPU
		{D44E5406-AD88-4DBF-BA9B-613D5E6CF086}.Debug|Any CPU.Build.0 = Debug|Any CPU
		{D44E5406-AD88-4DBF-BA9B-613D5E6CF086}.Release|Any CPU.ActiveCfg = Release|Any CPU
		{D44E5406-AD88-4DBF-BA9B-613D5E6CF086}.Release|Any CPU.Build.0 = Release|Any CPU
	EndGlobalSection
	GlobalSection(SolutionProperties) = preSolution
		HideSolutionNode = FALSE
	EndGlobalSection
	GlobalSection(ExtensibilityGlobals) = postSolution
		SolutionGuid = {3E376DBF-49D8-4F41-82C2-1A837CE3B885}
	EndGlobalSection
EndGlobal
